
Microsoft Visual Studio Solution File, Format Version 12.00
# Visual Studio 15
VisualStudioVersion = 15.0.27428.2015
MinimumVisualStudioVersion = 10.0.40219.1
Project("{FAE04EC0-301F-11D3-BF4B-00C04F79EFBC}") = "Celestial", "Celestial\Celestial.csproj", "{11C0D3F4-127D-41B6-B9A7-1C06E41FEACE}"
EndProject
Project("{FAE04EC0-301F-11D3-BF4B-00C04F79EFBC}") = "Tests", "Tests\Tests.csproj", "{281D9A1D-0C20-47F3-BE19-85CFD69C8A98}"
EndProject
Global
	GlobalSection(SolutionConfigurationPlatforms) = preSolution
		Debug|Any CPU = Debug|Any CPU
		Release|Any CPU = Release|Any CPU
	EndGlobalSection
	GlobalSection(ProjectConfigurationPlatforms) = postSolution
		{11C0D3F4-127D-41B6-B9A7-1C06E41FEACE}.Debug|Any CPU.ActiveCfg = Debug|Any CPU
		{11C0D3F4-127D-41B6-B9A7-1C06E41FEACE}.Debug|Any CPU.Build.0 = Debug|Any CPU
		{11C0D3F4-127D-41B6-B9A7-1C06E41FEACE}.Release|Any CPU.ActiveCfg = Release|Any CPU
		{11C0D3F4-127D-41B6-B9A7-1C06E41FEACE}.Release|Any CPU.Build.0 = Release|Any CPU
		{281D9A1D-0C20-47F3-BE19-85CFD69C8A98}.Debug|Any CPU.ActiveCfg = Debug|Any CPU
		{281D9A1D-0C20-47F3-BE19-85CFD69C8A98}.Debug|Any CPU.Build.0 = Debug|Any CPU
		{281D9A1D-0C20-47F3-BE19-85CFD69C8A98}.Release|Any CPU.ActiveCfg = Release|Any CPU
		{281D9A1D-0C20-47F3-BE19-85CFD69C8A98}.Release|Any CPU.Build.0 = Release|Any CPU
	EndGlobalSection
	GlobalSection(SolutionProperties) = preSolution
		HideSolutionNode = FALSE
	EndGlobalSection
	GlobalSection(ExtensibilityGlobals) = postSolution
		SolutionGuid = {66F45734-8562-43FF-92C9-9527235BC087}
	EndGlobalSection
EndGlobal
